// !$*UTF8*$!
{
	archiveVersion = 1;
	classes = {
	};
	objectVersion = 50;
	objects = {

/* Begin PBXBuildFile section */
		49F25974234924D4004AEC66 /* AppDelegate.swift in Sources */ = {isa = PBXBuildFile; fileRef = 49F25973234924D4004AEC66 /* AppDelegate.swift */; };
		49F25976234924D4004AEC66 /* SceneDelegate.swift in Sources */ = {isa = PBXBuildFile; fileRef = 49F25975234924D4004AEC66 /* SceneDelegate.swift */; };
		49F25978234924D4004AEC66 /* ViewController.swift in Sources */ = {isa = PBXBuildFile; fileRef = 49F25977234924D4004AEC66 /* ViewController.swift */; };
		49F2597B234924D4004AEC66 /* Main.storyboard in Resources */ = {isa = PBXBuildFile; fileRef = 49F25979234924D4004AEC66 /* Main.storyboard */; };
		49F2597D234924D6004AEC66 /* Assets.xcassets in Resources */ = {isa = PBXBuildFile; fileRef = 49F2597C234924D6004AEC66 /* Assets.xcassets */; };
		49F25980234924D6004AEC66 /* LaunchScreen.storyboard in Resources */ = {isa = PBXBuildFile; fileRef = 49F2597E234924D6004AEC66 /* LaunchScreen.storyboard */; };
		49F2598B234924D6004AEC66 /* CareemAssignmentTests.swift in Sources */ = {isa = PBXBuildFile; fileRef = 49F2598A234924D6004AEC66 /* CareemAssignmentTests.swift */; };
/* End PBXBuildFile section */

/* Begin PBXContainerItemProxy section */
		49F25987234924D6004AEC66 /* PBXContainerItemProxy */ = {
			isa = PBXContainerItemProxy;
			containerPortal = 49F25968234924D4004AEC66 /* Project object */;
			proxyType = 1;
			remoteGlobalIDString = 49F2596F234924D4004AEC66;
			remoteInfo = CareemAssignment;
		};
/* End PBXContainerItemProxy section */

/* Begin PBXFileReference section */
		49F25970234924D4004AEC66 /* CareemAssignment.app */ = {isa = PBXFileReference; explicitFileType = wrapper.application; includeInIndex = 0; path = CareemAssignment.app; sourceTree = BUILT_PRODUCTS_DIR; };
		49F25973234924D4004AEC66 /* AppDelegate.swift */ = {isa = PBXFileReference; lastKnownFileType = sourcecode.swift; path = AppDelegate.swift; sourceTree = "<group>"; };
		49F25975234924D4004AEC66 /* SceneDelegate.swift */ = {isa = PBXFileReference; lastKnownFileType = sourcecode.swift; path = SceneDelegate.swift; sourceTree = "<group>"; };
		49F25977234924D4004AEC66 /* ViewController.swift */ = {isa = PBXFileReference; lastKnownFileType = sourcecode.swift; path = ViewController.swift; sourceTree = "<group>"; };
		49F2597A234924D4004AEC66 /* Base */ = {isa = PBXFileReference; lastKnownFileType = file.storyboard; name = Base; path = Base.lproj/Main.storyboard; sourceTree = "<group>"; };
		49F2597C234924D6004AEC66 /* Assets.xcassets */ = {isa = PBXFileReference; lastKnownFileType = folder.assetcatalog; path = Assets.xcassets; sourceTree = "<group>"; };
		49F2597F234924D6004AEC66 /* Base */ = {isa = PBXFileReference; lastKnownFileType = file.storyboard; name = Base; path = Base.lproj/LaunchScreen.storyboard; sourceTree = "<group>"; };
		49F25981234924D6004AEC66 /* Info.plist */ = {isa = PBXFileReference; lastKnownFileType = text.plist.xml; path = Info.plist; sourceTree = "<group>"; };
		49F25986234924D6004AEC66 /* CareemAssignmentTests.xctest */ = {isa = PBXFileReference; explicitFileType = wrapper.cfbundle; includeInIndex = 0; path = CareemAssignmentTests.xctest; sourceTree = BUILT_PRODUCTS_DIR; };
		49F2598A234924D6004AEC66 /* CareemAssignmentTests.swift */ = {isa = PBXFileReference; lastKnownFileType = sourcecode.swift; path = CareemAssignmentTests.swift; sourceTree = "<group>"; };
		49F2598C234924D6004AEC66 /* Info.plist */ = {isa = PBXFileReference; lastKnownFileType = text.plist.xml; path = Info.plist; sourceTree = "<group>"; };
/* End PBXFileReference section */

/* Begin PBXFrameworksBuildPhase section */
		49F2596D234924D4004AEC66 /* Frameworks */ = {
			isa = PBXFrameworksBuildPhase;
			buildActionMask = 2147483647;
			files = (
			);
			runOnlyForDeploymentPostprocessing = 0;
		};
		49F25983234924D6004AEC66 /* Frameworks */ = {
			isa = PBXFrameworksBuildPhase;
			buildActionMask = 2147483647;
			files = (
			);
			runOnlyForDeploymentPostprocessing = 0;
		};
/* End PBXFrameworksBuildPhase section */

/* Begin PBXGroup section */
		49F25967234924D4004AEC66 = {
			isa = PBXGroup;
			children = (
				49F25972234924D4004AEC66 /* CareemAssignment */,
				49F25989234924D6004AEC66 /* CareemAssignmentTests */,
				49F25971234924D4004AEC66 /* Products */,
			);
			sourceTree = "<group>";
		};
		49F25971234924D4004AEC66 /* Products */ = {
			isa = PBXGroup;
			children = (
				49F25970234924D4004AEC66 /* CareemAssignment.app */,
				49F25986234924D6004AEC66 /* CareemAssignmentTests.xctest */,
			);
			name = Products;
			sourceTree = "<group>";
		};
		49F25972234924D4004AEC66 /* CareemAssignment */ = {
			isa = PBXGroup;
			children = (
				49F25973234924D4004AEC66 /* AppDelegate.swift */,
				49F25975234924D4004AEC66 /* SceneDelegate.swift */,
				49F25977234924D4004AEC66 /* ViewController.swift */,
				49F25979234924D4004AEC66 /* Main.storyboard */,
				49F2597C234924D6004AEC66 /* Assets.xcassets */,
				49F2597E234924D6004AEC66 /* LaunchScreen.storyboard */,
				49F25981234924D6004AEC66 /* Info.plist */,
			);
			path = CareemAssignment;
			sourceTree = "<group>";
		};
		49F25989234924D6004AEC66 /* CareemAssignmentTests */ = {
			isa = PBXGroup;
			children = (
				49F2598A234924D6004AEC66 /* CareemAssignmentTests.swift */,
				49F2598C234924D6004AEC66 /* Info.plist */,
			);
			path = CareemAssignmentTests;
			sourceTree = "<group>";
		};
/* End PBXGroup section */

/* Begin PBXNativeTarget section */
		49F2596F234924D4004AEC66 /* CareemAssignment */ = {
			isa = PBXNativeTarget;
			buildConfigurationList = 49F2598F234924D6004AEC66 /* Build configuration list for PBXNativeTarget "CareemAssignment" */;
			buildPhases = (
				49F2596C234924D4004AEC66 /* Sources */,
				49F2596D234924D4004AEC66 /* Frameworks */,
				49F2596E234924D4004AEC66 /* Resources */,
			);
			buildRules = (
			);
			dependencies = (
			);
			name = CareemAssignment;
			productName = CareemAssignment;
			productReference = 49F25970234924D4004AEC66 /* CareemAssignment.app */;
			productType = "com.apple.product-type.application";
		};
		49F25985234924D6004AEC66 /* CareemAssignmentTests */ = {
			isa = PBXNativeTarget;
			buildConfigurationList = 49F25992234924D6004AEC66 /* Build configuration list for PBXNativeTarget "CareemAssignmentTests" */;
			buildPhases = (
				49F25982234924D6004AEC66 /* Sources */,
				49F25983234924D6004AEC66 /* Frameworks */,
				49F25984234924D6004AEC66 /* Resources */,
			);
			buildRules = (
			);
			dependencies = (
				49F25988234924D6004AEC66 /* PBXTargetDependency */,
			);
			name = CareemAssignmentTests;
			productName = CareemAssignmentTests;
			productReference = 49F25986234924D6004AEC66 /* CareemAssignmentTests.xctest */;
			productType = "com.apple.product-type.bundle.unit-test";
		};
/* End PBXNativeTarget section */

/* Begin PBXProject section */
		49F25968234924D4004AEC66 /* Project object */ = {
			isa = PBXProject;
			attributes = {
				LastSwiftUpdateCheck = 1100;
				LastUpgradeCheck = 1100;
				ORGANIZATIONNAME = "Waqas Naseem";
				TargetAttributes = {
					49F2596F234924D4004AEC66 = {
						CreatedOnToolsVersion = 11.0;
					};
					49F25985234924D6004AEC66 = {
						CreatedOnToolsVersion = 11.0;
						TestTargetID = 49F2596F234924D4004AEC66;
					};
				};
			};
			buildConfigurationList = 49F2596B234924D4004AEC66 /* Build configuration list for PBXProject "CareemAssignment" */;
			compatibilityVersion = "Xcode 9.3";
			developmentRegion = en;
			hasScannedForEncodings = 0;
			knownRegions = (
				en,
				Base,
			);
			mainGroup = 49F25967234924D4004AEC66;
			productRefGroup = 49F25971234924D4004AEC66 /* Products */;
			projectDirPath = "";
			projectRoot = "";
			targets = (
				49F2596F234924D4004AEC66 /* CareemAssignment */,
				49F25985234924D6004AEC66 /* CareemAssignmentTests */,
			);
		};
/* End PBXProject section */

/* Begin PBXResourcesBuildPhase section */
		49F2596E234924D4004AEC66 /* Resources */ = {
			isa = PBXResourcesBuildPhase;
			buildActionMask = 2147483647;
			files = (
				49F25980234924D6004AEC66 /* LaunchScreen.storyboard in Resources */,
				49F2597D234924D6004AEC66 /* Assets.xcassets in Resources */,
				49F2597B234924D4004AEC66 /* Main.storyboard in Resources */,
			);
			runOnlyForDeploymentPostprocessing = 0;
		};
		49F25984234924D6004AEC66 /* Resources */ = {
			isa = PBXResourcesBuildPhase;
			buildActionMask = 2147483647;
			files = (
			);
			runOnlyForDeploymentPostprocessing = 0;
		};
/* End PBXResourcesBuildPhase section */

/* Begin PBXSourcesBuildPhase section */
		49F2596C234924D4004AEC66 /* Sources */ = {
			isa = PBXSourcesBuildPhase;
			buildActionMask = 2147483647;
			files = (
				49F25978234924D4004AEC66 /* ViewController.swift in Sources */,
				49F25974234924D4004AEC66 /* AppDelegate.swift in Sources */,
				49F25976234924D4004AEC66 /* SceneDelegate.swift in Sources */,
			);
			runOnlyForDeploymentPostprocessing = 0;
		};
		49F25982234924D6004AEC66 /* Sources */ = {
			isa = PBXSourcesBuildPhase;
			buildActionMask = 2147483647;
			files = (
				49F2598B234924D6004AEC66 /* CareemAssignmentTests.swift in Sources */,
			);
			runOnlyForDeploymentPostprocessing = 0;
		};
/* End PBXSourcesBuildPhase section */

/* Begin PBXTargetDependency section */
		49F25988234924D6004AEC66 /* PBXTargetDependency */ = {
			isa = PBXTargetDependency;
			target = 49F2596F234924D4004AEC66 /* CareemAssignment */;
			targetProxy = 49F25987234924D6004AEC66 /* PBXContainerItemProxy */;
		};
/* End PBXTargetDependency section */

/* Begin PBXVariantGroup section */
		49F25979234924D4004AEC66 /* Main.storyboard */ = {
			isa = PBXVariantGroup;
			children = (
				49F2597A234924D4004AEC66 /* Base */,
			);
			name = Main.storyboard;
			sourceTree = "<group>";
		};
		49F2597E234924D6004AEC66 /* LaunchScreen.storyboard */ = {
			isa = PBXVariantGroup;
			children = (
				49F2597F234924D6004AEC66 /* Base */,
			);
			name = LaunchScreen.storyboard;
			sourceTree = "<group>";
		};
/* End PBXVariantGroup section */

/* Begin XCBuildConfiguration section */
		49F2598D234924D6004AEC66 /* Debug */ = {
			isa = XCBuildConfiguration;
			buildSettings = {
				ALWAYS_SEARCH_USER_PATHS = NO;
				CLANG_ANALYZER_NONNULL = YES;
				CLANG_ANALYZER_NUMBER_OBJECT_CONVERSION = YES_AGGRESSIVE;
				CLANG_CXX_LANGUAGE_STANDARD = "gnu++14";
				CLANG_CXX_LIBRARY = "libc++";
				CLANG_ENABLE_MODULES = YES;
				CLANG_ENABLE_OBJC_ARC = YES;
				CLANG_ENABLE_OBJC_WEAK = YES;
				CLANG_WARN_BLOCK_CAPTURE_AUTORELEASING = YES;
				CLANG_WARN_BOOL_CONVERSION = YES;
				CLANG_WARN_COMMA = YES;
				CLANG_WARN_CONSTANT_CONVERSION = YES;
				CLANG_WARN_DEPRECATED_OBJC_IMPLEMENTATIONS = YES;
				CLANG_WARN_DIRECT_OBJC_ISA_USAGE = YES_ERROR;
				CLANG_WARN_DOCUMENTATION_COMMENTS = YES;
				CLANG_WARN_EMPTY_BODY = YES;
				CLANG_WARN_ENUM_CONVERSION = YES;
				CLANG_WARN_INFINITE_RECURSION = YES;
				CLANG_WARN_INT_CONVERSION = YES;
				CLANG_WARN_NON_LITERAL_NULL_CONVERSION = YES;
				CLANG_WARN_OBJC_IMPLICIT_RETAIN_SELF = YES;
				CLANG_WARN_OBJC_LITERAL_CONVERSION = YES;
				CLANG_WARN_OBJC_ROOT_CLASS = YES_ERROR;
				CLANG_WARN_RANGE_LOOP_ANALYSIS = YES;
				CLANG_WARN_STRICT_PROTOTYPES = YES;
				CLANG_WARN_SUSPICIOUS_MOVE = YES;
				CLANG_WARN_UNGUARDED_AVAILABILITY = YES_AGGRESSIVE;
				CLANG_WARN_UNREACHABLE_CODE = YES;
				CLANG_WARN__DUPLICATE_METHOD_MATCH = YES;
				COPY_PHASE_STRIP = NO;
				DEBUG_INFORMATION_FORMAT = dwarf;
				ENABLE_STRICT_OBJC_MSGSEND = YES;
				ENABLE_TESTABILITY = YES;
				GCC_C_LANGUAGE_STANDARD = gnu11;
				GCC_DYNAMIC_NO_PIC = NO;
				GCC_NO_COMMON_BLOCKS = YES;
				GCC_OPTIMIZATION_LEVEL = 0;
				GCC_PREPROCESSOR_DEFINITIONS = (
					"DEBUG=1",
					"$(inherited)",
				);
				GCC_WARN_64_TO_32_BIT_CONVERSION = YES;
				GCC_WARN_ABOUT_RETURN_TYPE = YES_ERROR;
				GCC_WARN_UNDECLARED_SELECTOR = YES;
				GCC_WARN_UNINITIALIZED_AUTOS = YES_AGGRESSIVE;
				GCC_WARN_UNUSED_FUNCTION = YES;
				GCC_WARN_UNUSED_VARIABLE = YES;
				IPHONEOS_DEPLOYMENT_TARGET = 13.0;
				MTL_ENABLE_DEBUG_INFO = INCLUDE_SOURCE;
				MTL_FAST_MATH = YES;
				ONLY_ACTIVE_ARCH = YES;
				SDKROOT = iphoneos;
				SWIFT_ACTIVE_COMPILATION_CONDITIONS = DEBUG;
				SWIFT_OPTIMIZATION_LEVEL = "-Onone";
			};
			name = Debug;
		};
		49F2598E234924D6004AEC66 /* Release */ = {
			isa = XCBuildConfiguration;
			buildSettings = {
				ALWAYS_SEARCH_USER_PATHS = NO;
				CLANG_ANALYZER_NONNULL = YES;
				CLANG_ANALYZER_NUMBER_OBJECT_CONVERSION = YES_AGGRESSIVE;
				CLANG_CXX_LANGUAGE_STANDARD = "gnu++14";
				CLANG_CXX_LIBRARY = "libc++";
				CLANG_ENABLE_MODULES = YES;
				CLANG_ENABLE_OBJC_ARC = YES;
				CLANG_ENABLE_OBJC_WEAK = YES;
				CLANG_WARN_BLOCK_CAPTURE_AUTORELEASING = YES;
				CLANG_WARN_BOOL_CONVERSION = YES;
				CLANG_WARN_COMMA = YES;
				CLANG_WARN_CONSTANT_CONVERSION = YES;
				CLANG_WARN_DEPRECATED_OBJC_IMPLEMENTATIONS = YES;
				CLANG_WARN_DIRECT_OBJC_ISA_USAGE = YES_ERROR;
				CLANG_WARN_DOCUMENTATION_COMMENTS = YES;
				CLANG_WARN_EMPTY_BODY = YES;
				CLANG_WARN_ENUM_CONVERSION = YES;
				CLANG_WARN_INFINITE_RECURSION = YES;
				CLANG_WARN_INT_CONVERSION = YES;
				CLANG_WARN_NON_LITERAL_NULL_CONVERSION = YES;
				CLANG_WARN_OBJC_IMPLICIT_RETAIN_SELF = YES;
				CLANG_WARN_OBJC_LITERAL_CONVERSION = YES;
				CLANG_WARN_OBJC_ROOT_CLASS = YES_ERROR;
				CLANG_WARN_RANGE_LOOP_ANALYSIS = YES;
				CLANG_WARN_STRICT_PROTOTYPES = YES;
				CLANG_WARN_SUSPICIOUS_MOVE = YES;
				CLANG_WARN_UNGUARDED_AVAILABILITY = YES_AGGRESSIVE;
				CLANG_WARN_UNREACHABLE_CODE = YES;
				CLANG_WARN__DUPLICATE_METHOD_MATCH = YES;
				COPY_PHASE_STRIP = NO;
				DEBUG_INFORMATION_FORMAT = "dwarf-with-dsym";
				ENABLE_NS_ASSERTIONS = NO;
				ENABLE_STRICT_OBJC_MSGSEND = YES;
				GCC_C_LANGUAGE_STANDARD = gnu11;
				GCC_NO_COMMON_BLOCKS = YES;
				GCC_WARN_64_TO_32_BIT_CONVERSION = YES;
				GCC_WARN_ABOUT_RETURN_TYPE = YES_ERROR;
				GCC_WARN_UNDECLARED_SELECTOR = YES;
				GCC_WARN_UNINITIALIZED_AUTOS = YES_AGGRESSIVE;
				GCC_WARN_UNUSED_FUNCTION = YES;
				GCC_WARN_UNUSED_VARIABLE = YES;
				IPHONEOS_DEPLOYMENT_TARGET = 13.0;
				MTL_ENABLE_DEBUG_INFO = NO;
				MTL_FAST_MATH = YES;
				SDKROOT = iphoneos;
				SWIFT_COMPILATION_MODE = wholemodule;
				SWIFT_OPTIMIZATION_LEVEL = "-O";
				VALIDATE_PRODUCT = YES;
			};
			name = Release;
		};
		49F25990234924D6004AEC66 /* Debug */ = {
			isa = XCBuildConfiguration;
			buildSettings = {
				ASSETCATALOG_COMPILER_APPICON_NAME = AppIcon;
				CODE_SIGN_STYLE = Automatic;
				INFOPLIST_FILE = CareemAssignment/Info.plist;
				LD_RUNPATH_SEARCH_PATHS = (
					"$(inherited)",
					"@executable_path/Frameworks",
				);
				PRODUCT_BUNDLE_IDENTIFIER = or.test.CareemAssignment;
				PRODUCT_NAME = "$(TARGET_NAME)";
				SWIFT_VERSION = 5.0;
				TARGETED_DEVICE_FAMILY = "1,2";
			};
			name = Debug;
		};
		49F25991234924D6004AEC66 /* Release */ = {
			isa = XCBuildConfiguration;
			buildSettings = {
				ASSETCATALOG_COMPILER_APPICON_NAME = AppIcon;
				CODE_SIGN_STYLE = Automatic;
				INFOPLIST_FILE = CareemAssignment/Info.plist;
				LD_RUNPATH_SEARCH_PATHS = (
					"$(inherited)",
					"@executable_path/Frameworks",
				);
				PRODUCT_BUNDLE_IDENTIFIER = or.test.CareemAssignment;
				PRODUCT_NAME = "$(TARGET_NAME)";
				SWIFT_VERSION = 5.0;
				TARGETED_DEVICE_FAMILY = "1,2";
			};
			name = Release;
		};
		49F25993234924D6004AEC66 /* Debug */ = {
			isa = XCBuildConfiguration;
			buildSettings = {
				ALWAYS_EMBED_SWIFT_STANDARD_LIBRARIES = YES;
				BUNDLE_LOADER = "$(TEST_HOST)";
				CODE_SIGN_STYLE = Automatic;
				INFOPLIST_FILE = CareemAssignmentTests/Info.plist;
				IPHONEOS_DEPLOYMENT_TARGET = 13.0;
				LD_RUNPATH_SEARCH_PATHS = (
					"$(inherited)",
					"@executable_path/Frameworks",
					"@loader_path/Frameworks",
				);
				PRODUCT_BUNDLE_IDENTIFIER = or.test.CareemAssignmentTests;
				PRODUCT_NAME = "$(TARGET_NAME)";
				SWIFT_VERSION = 5.0;
				TARGETED_DEVICE_FAMILY = "1,2";
				TEST_HOST = "$(BUILT_PRODUCTS_DIR)/CareemAssignment.app/CareemAssignment";
			};
			name = Debug;
		};
		49F25994234924D6004AEC66 /* Release */ = {
			isa = XCBuildConfiguration;
			buildSettings = {
				ALWAYS_EMBED_SWIFT_STANDARD_LIBRARIES = YES;
				BUNDLE_LOADER = "$(TEST_HOST)";
				CODE_SIGN_STYLE = Automatic;
				INFOPLIST_FILE = CareemAssignmentTests/Info.plist;
				IPHONEOS_DEPLOYMENT_TARGET = 13.0;
				LD_RUNPATH_SEARCH_PATHS = (
					"$(inherited)",
					"@executable_path/Frameworks",
					"@loader_path/Frameworks",
				);
				PRODUCT_BUNDLE_IDENTIFIER = or.test.CareemAssignmentTests;
				PRODUCT_NAME = "$(TARGET_NAME)";
				SWIFT_VERSION = 5.0;
				TARGETED_DEVICE_FAMILY = "1,2";
				TEST_HOST = "$(BUILT_PRODUCTS_DIR)/CareemAssignment.app/CareemAssignment";
			};
			name = Release;
		};
/* End XCBuildConfiguration section */

/* Begin XCConfigurationList section */
		49F2596B234924D4004AEC66 /* Build configuration list for PBXProject "CareemAssignment" */ = {
			isa = XCConfigurationList;
			buildConfigurations = (
				49F2598D234924D6004AEC66 /* Debug */,
				49F2598E234924D6004AEC66 /* Release */,
			);
			defaultConfigurationIsVisible = 0;
			defaultConfigurationName = Release;
		};
		49F2598F234924D6004AEC66 /* Build configuration list for PBXNativeTarget "CareemAssignment" */ = {
			isa = XCConfigurationList;
			buildConfigurations = (
				49F25990234924D6004AEC66 /* Debug */,
				49F25991234924D6004AEC66 /* Release */,
			);
			defaultConfigurationIsVisible = 0;
			defaultConfigurationName = Release;
		};
		49F25992234924D6004AEC66 /* Build configuration list for PBXNativeTarget "CareemAssignmentTests" */ = {
			isa = XCConfigurationList;
			buildConfigurations = (
				49F25993234924D6004AEC66 /* Debug */,
				49F25994234924D6004AEC66 /* Release */,
			);
			defaultConfigurationIsVisible = 0;
			defaultConfigurationName = Release;
		};
/* End XCConfigurationList section */
	};
	rootObject = 49F25968234924D4004AEC66 /* Project object */;
}
